
Microsoft Visual Studio Solution File, Format Version 12.00
# Visual Studio Version 16
VisualStudioVersion = 16.0.29609.76
MinimumVisualStudioVersion = 10.0.40219.1
Project("{FAE04EC0-301F-11D3-BF4B-00C04F79EFBC}") = "gitdemo", "gitdemo\gitdemo.csproj", "{4F88E7E9-4537-414F-93BE-B9061D68B92E}"
EndProject
Global
	GlobalSection(SolutionConfigurationPlatforms) = preSolution
		Debug|Any CPU = Debug|Any CPU
		Release|Any CPU = Release|Any CPU
	EndGlobalSection
	GlobalSection(ProjectConfigurationPlatforms) = postSolution
		{4F88E7E9-4537-414F-93BE-B9061D68B92E}.Debug|Any CPU.ActiveCfg = Debug|Any CPU
		{4F88E7E9-4537-414F-93BE-B9061D68B92E}.Debug|Any CPU.Build.0 = Debug|Any CPU
		{4F88E7E9-4537-414F-93BE-B9061D68B92E}.Release|Any CPU.ActiveCfg = Release|Any CPU
		{4F88E7E9-4537-414F-93BE-B9061D68B92E}.Release|Any CPU.Build.0 = Release|Any CPU
	EndGlobalSection
	GlobalSection(SolutionProperties) = preSolution
		HideSolutionNode = FALSE
	EndGlobalSection
	GlobalSection(ExtensibilityGlobals) = postSolution
		SolutionGuid = {99086F65-95C1-42F1-9387-F5CD6382F0B9}
	EndGlobalSection
EndGlobal
